---
lockfileVersion: '9.0'

importers:

  .:
    configDependencies: {}
    packageManagerDependencies:
      pnpm:
        specifier: 12.3.4
        version: 12.3.4

packages:

  '@pnpm/exe.darwin-arm64@12.3.4':
    resolution: {integrity: sha512-PAyUol8T1+/+ViOiXAt51ECA+QnfXCqz6foL4bW+LsoX0NcVd5XVEM2mRQu+LV4oc7uRz9zf9U0P+XFfuQeDAw==}
    cpu: [arm64]
    os: [darwin]

  '@pnpm/exe.darwin-x64@12.3.4':
    resolution: {integrity: sha512-fxP9JCk0Cdye+ePuj+GJJLMUMTqHGWRdb1dtv4How876uQ2ehxvenpgiYAir/ceO9PsYUZkFTtyZdx+rRu5QOA==}
    cpu: [x64]
    os: [darwin]

  '@pnpm/exe.linux-arm64-musl@12.3.4':
    resolution: {integrity: sha512-FBOt0/7ye6O6q4AllVV5QMviB6qE6fqkeczV/+MDWQsmo+QJrlfsh6X7CpH/tClVpBZEyIbjpUoT8bNhCYBxEg==}
    cpu: [arm64]
    os: [linux]
    libc: [musl]

  '@pnpm/exe.linux-arm64@12.3.4':
    resolution: {integrity: sha512-t71AVA7LRqiKTyZ5xMYaZc2n5DfdpMbfokZuiIOXHBOM03ECnF0t4iYwaBDqJgVjlKYUOwaF/bRQajGNA4cJ4w==}
    cpu: [arm64]
    os: [linux]
    libc: [glibc]

  '@pnpm/exe.linux-x64-musl@12.3.4':
    resolution: {integrity: sha512-RPmk7Jb/aYaFvL2iyDN/AtMY+hUEsue732WmXpcuQ9tBpMnGyA5py7Z3+e+qmQaJ0zY/4ni9jJiyPBQHujmv6w==}
    cpu: [x64]
    os: [linux]
    libc: [musl]

  '@pnpm/exe.linux-x64@12.3.4':
    resolution: {integrity: sha512-2ZqOlSPkfwX1h5cR+FPiWf8+F+2hZT/3TvhUK5sigHqwaQCIiq8R7CGxhndKs63JtcLi2a1Qpo+wX/EoyfjyJQ==}
    cpu: [x64]
    os: [linux]
    libc: [glibc]

  '@pnpm/exe.win32-arm64@12.3.4':
    resolution: {integrity: sha512-ANyrHqyqco6SXBysUTRF74itDyyraea7IbFsKFdNXTjcFnfycTDx37EwuhdpPYFNSIh2JhUG4fByclsRfiHX7w==}
    cpu: [arm64]
    os: [win32]

  '@pnpm/exe.win32-x64@12.3.4':
    resolution: {integrity: sha512-WH/KqBPY/hq2Tb7SgQltEZytimcjgKRaCRL/aM9CI0c67iKc5TVmHUhIiL3Ux9FB4bWn36i6XewUcScQI+zG8w==}
    cpu: [x64]
    os: [win32]

  pnpm@12.3.4:
    resolution: {integrity: sha512-lhqkH7B32joEpEHZ+OFevAyW2o73ELLrZ7+e58sGEOq9SPH9hfUc/+c4RnhfoPh8VqOocqHYk/hEZ0G1zORUVw==}
    engines: {node: '>=18.*'}
    hasBin: true

snapshots:

  '@pnpm/exe.darwin-arm64@12.3.4':
    optional: true

  '@pnpm/exe.darwin-x64@12.3.4':
    optional: true

  '@pnpm/exe.linux-arm64-musl@12.3.4':
    optional: true

  '@pnpm/exe.linux-arm64@12.3.4':
    optional: true

  '@pnpm/exe.linux-x64-musl@12.3.4':
    optional: true

  '@pnpm/exe.linux-x64@12.3.4':
    optional: true

  '@pnpm/exe.win32-arm64@12.3.4':
    optional: true

  '@pnpm/exe.win32-x64@12.3.4':
    optional: true

  pnpm@12.3.4:
    optionalDependencies:
      '@pnpm/exe.darwin-arm64': 12.3.4
      '@pnpm/exe.darwin-x64': 12.3.4
      '@pnpm/exe.linux-arm64': 12.3.4
      '@pnpm/exe.linux-arm64-musl': 12.3.4
      '@pnpm/exe.linux-x64': 12.3.4
      '@pnpm/exe.linux-x64-musl': 12.3.4
      '@pnpm/exe.win32-arm64': 12.3.4
      '@pnpm/exe.win32-x64': 12.3.4

---
lockfileVersion: '9.0'

settings:
  autoInstallPeers: true
  excludeLinksFromLockfile: false

importers:

  .:
    devDependencies:
      prettier:
        specifier: 3.3.3
        version: 3.3.3
      turbo:
        specifier: 2.10.12
        version: 2.10.12
      typescript:
        specifier: 5.6.3
        version: 5.6.3

  apps/docs: {}

  apps/mobile: {}

  apps/web: {}

  packages/api-client: {}

  packages/shared-types:
    devDependencies:
      typescript:
        specifier: 5.6.3
        version: 5.6.3

  packages/testing: {}

  packages/ui:
    dependencies:
      '@coach/shared-types':
        specifier: workspace:*
        version: link:../shared-types

packages:

  '@turbo/darwin-64@2.10.12':
    resolution: {integrity: sha512-9nKgKoF6ZOUsM+or0OtNf+TTJSfGvDNP7ZFv/ZGWVwOSCkumyctQiTeHwB4UNljHTnC41AqylgbunLDHoccNrA==}
    cpu: [x64]
    os: [darwin]

  '@turbo/darwin-arm64@2.10.12':
    resolution: {integrity: sha512-H4Elb1jqTZVeIC9bbcNwjSzemZ6RegoTOVHeuV5Osirt2Z8UguTyisMEkvZjPVZgMeN9J4ERZBFad40tFnkb7w==}
    cpu: [arm64]
    os: [darwin]

  '@turbo/linux-64@2.10.12':
    resolution: {integrity: sha512-lr7KIotukvjZwEXiFSYAeOH3BWzjFVBbSzTbv0fuGFsNukYyH0+g1hB5ecqnJkgkYU+KHEMG1edOhnjiKON1wQ==}
    cpu: [x64]
    os: [android, linux]

  '@turbo/linux-arm64@2.10.12':
    resolution: {integrity: sha512-f0pZDTtvzB5SuNwuXBaKbZHUCMCukgc8nMlHEuvLmj91Fzec+MEbr3cAvGNor5htEDqZnO6Lxt9N/GPI/77oGA==}
    cpu: [arm64]
    os: [android, linux]

  '@turbo/windows-64@2.10.12':
    resolution: {integrity: sha512-SDOueJRjS/QcykWf2KCRtTLmIl5YMKsLbXkXQGhDwcTXvKXZiS5ih5lBl/gkwZIpYFjqA/rAlfMzlAFcVHNe0g==}
    cpu: [x64]
    os: [win32]

  '@turbo/windows-arm64@2.10.12':
    resolution: {integrity: sha512-0i0mVUa4kKk+/B3RwEwPMf9CB+T7ul56hn5FFHNA4VUNTOoLBEd6aNf3FaKfCatDNZ6cicCEf6if9QUTVyzzcA==}
    cpu: [arm64]
    os: [win32]

  prettier@3.3.3:
    resolution: {integrity: sha512-i2tDNA0O5IrMO757lfrdQZCc2jPNDVntV0m/+4whiDfWaTKfMNgR7Qz0NAeGz/nRqF4m5/6CLzbP4/liHt12Ew==}
    engines: {node: '>=14'}
    hasBin: true

  turbo@2.10.12:
    resolution: {integrity: sha512-AswgMPnpOoaVZHrrSBejETzEbuIA69OVGwfkHwfrY0A23VjWXBANzgq9+OymWOHAIArB7D1+1z498WY8fGg1Jw==}
    hasBin: true

  typescript@5.6.3:
    resolution: {integrity: sha512-hjcS1mhfuyi4WW8IWtjP7brDrG2cuDZukyrYrSauoXGNgx0S7zceP07adYkJycEr56BOUTNPzbInooiN3fn1qw==}
    engines: {node: '>=14.17'}
    hasBin: true

snapshots:

  '@turbo/darwin-64@2.10.12':
    optional: true

  '@turbo/darwin-arm64@2.10.12':
    optional: true

  '@turbo/linux-64@2.10.12':
    optional: true

  '@turbo/linux-arm64@2.10.12':
    optional: true

  '@turbo/windows-64@2.10.12':
    optional: true

  '@turbo/windows-arm64@2.10.12':
    optional: true

  prettier@3.3.3: {}

  turbo@2.10.12:
    optionalDependencies:
      '@turbo/darwin-64': 2.10.12
      '@turbo/darwin-arm64': 2.10.12
      '@turbo/linux-64': 2.10.12
      '@turbo/linux-arm64': 2.10.12
      '@turbo/windows-64': 2.10.12
      '@turbo/windows-arm64': 2.10.12

  typescript@5.6.3: {}
